
Microsoft Visual Studio Solution File, Format Version 12.00
# Visual Studio Version 17
VisualStudioVersion = 17.14.36301.6 d17.14
MinimumVisualStudioVersion = 10.0.40219.1
Project("{FAE04EC0-301F-11D3-BF4B-00C04F79EFBC}") = "AcademiaDotNet.CursoCsharp.Classes", "AcademiaDotNet.CursoCsharp.ConsoleApplication\AcademiaDotNet.CursoCsharp.Classes.csproj", "{8AFCC072-4929-48CA-B787-56E3E4358723}"
EndProject
Project("{FAE04EC0-301F-11D3-BF4B-00C04F79EFBC}") = "AcademiaDotNet.CursoCsharp.ConsoleApplication2", "AcademiaDotNet.CursoCsharp.ConsoleApplication2\AcademiaDotNet.CursoCsharp.ConsoleApplication2.csproj", "{FD9AA34C-970C-4347-A44A-3A4D77EFAE95}"
EndProject
Project("{FAE04EC0-301F-11D3-BF4B-00C04F79EFBC}") = "AcademiaDotNet.CursoCsharp.Variaveis", "..\AcademiaDotNet.CursoCsharp.Variaveis\AcademiaDotNet.CursoCsharp.Variaveis.csproj", "{76566146-3B15-43A6-85FF-81304C9F51C2}"
EndProject
Project("{FAE04EC0-301F-11D3-BF4B-00C04F79EFBC}") = "AcademiaDotNet.CursoCsharp.Tipagens", "..\AcademiaDotNet.CursoCsharp.Tipagens\AcademiaDotNet.CursoCsharp.Tipagens.csproj", "{CB76B307-FA48-47F6-9FE5-298FDF2F1AC3}"
EndProject
Project("{FAE04EC0-301F-11D3-BF4B-00C04F79EFBC}") = "AcademiaDotNet.CursoCsharp.Operacoes", "..\AcademiaDotNet.CursoCsharp.Operacoes\AcademiaDotNet.CursoCsharp.Operacoes.csproj", "{C2EC6A93-5E98-475A-8826-D0A998B024BE}"
EndProject
Project("{FAE04EC0-301F-11D3-BF4B-00C04F79EFBC}") = "AcademiaDotNet.CursoCsharp.Arrays", "..\AcademiaDotNet.CursoCsharp.Arrays\AcademiaDotNet.CursoCsharp.Arrays.csproj", "{C9543DC0-D856-4DA6-B52C-98F03F245807}"
EndProject
Project("{FAE04EC0-301F-11D3-BF4B-00C04F79EFBC}") = "AcademiaDotNet.CursoCsharp.Constantes", "AcademiaDotNet.CursoCsharp.Constantes\AcademiaDotNet.CursoCsharp.Constantes.csproj", "{DE48D74D-D00D-4972-B866-D2E92881821B}"
EndProject
Project("{FAE04EC0-301F-11D3-BF4B-00C04F79EFBC}") = "AcademiaDotNet.CursoCsharp.Listas", "..\AcademiaDotNet.CursoCsharp.Listas\AcademiaDotNet.CursoCsharp.Listas.csproj", "{36896B9E-D0BC-4722-821B-4355EF618C68}"
EndProject
Project("{FAE04EC0-301F-11D3-BF4B-00C04F79EFBC}") = "AcademiaDotNet.CursoCsharp.Enum", "..\AcademiaDotNet.CursoCsharp.Enum\AcademiaDotNet.CursoCsharp.Enum.csproj", "{EE4A81B4-7C9B-4683-AFA7-FBFFBB7E1814}"
EndProject
Project("{FAE04EC0-301F-11D3-BF4B-00C04F79EFBC}") = "AcademiaDotNet.CursoCsharp.For", "..\AcademiaDotNet.CursoCsharp.For\AcademiaDotNet.CursoCsharp.For.csproj", "{D1B07CA9-660A-4EB4-9E8B-506B535C2E93}"
EndProject
Project("{FAE04EC0-301F-11D3-BF4B-00C04F79EFBC}") = "AcademiaDotNet.CursoCsharp.If_Else", "..\AcademiaDotNet.CursoCsharp.If_Else\AcademiaDotNet.CursoCsharp.If_Else.csproj", "{6AA6A7FD-B50D-4769-B205-D642FAE0A363}"
EndProject
Project("{FAE04EC0-301F-11D3-BF4B-00C04F79EFBC}") = "AcademiaDotNet.CursoCsharp.Switch_Case", "..\AcademiaDotNet.CursoCsharp.Switch_Case\AcademiaDotNet.CursoCsharp.Switch_Case.csproj", "{AA5A6F7D-82B1-49DB-BE94-E6CAE6945DF8}"
EndProject
Project("{FAE04EC0-301F-11D3-BF4B-00C04F79EFBC}") = "AcademiaDotNet.CursoCsharp.ForEach", "..\AcademiaDotNet.CursoCsharp.ForEach\AcademiaDotNet.CursoCsharp.ForEach.csproj", "{87F137EE-4005-455A-913C-88FC112578D4}"
EndProject
Global
	GlobalSection(SolutionConfigurationPlatforms) = preSolution
		Debug|Any CPU = Debug|Any CPU
		Release|Any CPU = Release|Any CPU
	EndGlobalSection
	GlobalSection(ProjectConfigurationPlatforms) = postSolution
		{8AFCC072-4929-48CA-B787-56E3E4358723}.Debug|Any CPU.ActiveCfg = Debug|Any CPU
		{8AFCC072-4929-48CA-B787-56E3E4358723}.Debug|Any CPU.Build.0 = Debug|Any CPU
		{8AFCC072-4929-48CA-B787-56E3E4358723}.Release|Any CPU.ActiveCfg = Release|Any CPU
		{8AFCC072-4929-48CA-B787-56E3E4358723}.Release|Any CPU.Build.0 = Release|Any CPU
		{FD9AA34C-970C-4347-A44A-3A4D77EFAE95}.Debug|Any CPU.ActiveCfg = Debug|Any CPU
		{FD9AA34C-970C-4347-A44A-3A4D77EFAE95}.Debug|Any CPU.Build.0 = Debug|Any CPU
		{FD9AA34C-970C-4347-A44A-3A4D77EFAE95}.Release|Any CPU.ActiveCfg = Release|Any CPU
		{FD9AA34C-970C-4347-A44A-3A4D77EFAE95}.Release|Any CPU.Build.0 = Release|Any CPU
		{76566146-3B15-43A6-85FF-81304C9F51C2}.Debug|Any CPU.ActiveCfg = Debug|Any CPU
		{76566146-3B15-43A6-85FF-81304C9F51C2}.Debug|Any CPU.Build.0 = Debug|Any CPU
		{76566146-3B15-43A6-85FF-81304C9F51C2}.Release|Any CPU.ActiveCfg = Release|Any CPU
		{76566146-3B15-43A6-85FF-81304C9F51C2}.Release|Any CPU.Build.0 = Release|Any CPU
		{CB76B307-FA48-47F6-9FE5-298FDF2F1AC3}.Debug|Any CPU.ActiveCfg = Debug|Any CPU
		{CB76B307-FA48-47F6-9FE5-298FDF2F1AC3}.Debug|Any CPU.Build.0 = Debug|Any CPU
		{CB76B307-FA48-47F6-9FE5-298FDF2F1AC3}.Release|Any CPU.ActiveCfg = Release|Any CPU
		{CB76B307-FA48-47F6-9FE5-298FDF2F1AC3}.Release|Any CPU.Build.0 = Release|Any CPU
		{C2EC6A93-5E98-475A-8826-D0A998B024BE}.Debug|Any CPU.ActiveCfg = Debug|Any CPU
		{C2EC6A93-5E98-475A-8826-D0A998B024BE}.Debug|Any CPU.Build.0 = Debug|Any CPU
		{C2EC6A93-5E98-475A-8826-D0A998B024BE}.Release|Any CPU.ActiveCfg = Release|Any CPU
		{C2EC6A93-5E98-475A-8826-D0A998B024BE}.Release|Any CPU.Build.0 = Release|Any CPU
		{C9543DC0-D856-4DA6-B52C-98F03F245807}.Debug|Any CPU.ActiveCfg = Debug|Any CPU
		{C9543DC0-D856-4DA6-B52C-98F03F245807}.Debug|Any CPU.Build.0 = Debug|Any CPU
		{C9543DC0-D856-4DA6-B52C-98F03F245807}.Release|Any CPU.ActiveCfg = Release|Any CPU
		{C9543DC0-D856-4DA6-B52C-98F03F245807}.Release|Any CPU.Build.0 = Release|Any CPU
		{DE48D74D-D00D-4972-B866-D2E92881821B}.Debug|Any CPU.ActiveCfg = Debug|Any CPU
		{DE48D74D-D00D-4972-B866-D2E92881821B}.Debug|Any CPU.Build.0 = Debug|Any CPU
		{DE48D74D-D00D-4972-B866-D2E92881821B}.Release|Any CPU.ActiveCfg = Release|Any CPU
		{DE48D74D-D00D-4972-B866-D2E92881821B}.Release|Any CPU.Build.0 = Release|Any CPU
		{36896B9E-D0BC-4722-821B-4355EF618C68}.Debug|Any CPU.ActiveCfg = Debug|Any CPU
		{36896B9E-D0BC-4722-821B-4355EF618C68}.Debug|Any CPU.Build.0 = Debug|Any CPU
		{36896B9E-D0BC-4722-821B-4355EF618C68}.Release|Any CPU.ActiveCfg = Release|Any CPU
		{36896B9E-D0BC-4722-821B-4355EF618C68}.Release|Any CPU.Build.0 = Release|Any CPU
		{EE4A81B4-7C9B-4683-AFA7-FBFFBB7E1814}.Debug|Any CPU.ActiveCfg = Debug|Any CPU
		{EE4A81B4-7C9B-4683-AFA7-FBFFBB7E1814}.Debug|Any CPU.Build.0 = Debug|Any CPU
		{EE4A81B4-7C9B-4683-AFA7-FBFFBB7E1814}.Release|Any CPU.ActiveCfg = Release|Any CPU
		{EE4A81B4-7C9B-4683-AFA7-FBFFBB7E1814}.Release|Any CPU.Build.0 = Release|Any CPU
		{D1B07CA9-660A-4EB4-9E8B-506B535C2E93}.Debug|Any CPU.ActiveCfg = Debug|Any CPU
		{D1B07CA9-660A-4EB4-9E8B-506B535C2E93}.Debug|Any CPU.Build.0 = Debug|Any CPU
		{D1B07CA9-660A-4EB4-9E8B-506B535C2E93}.Release|Any CPU.ActiveCfg = Release|Any CPU
		{D1B07CA9-660A-4EB4-9E8B-506B535C2E93}.Release|Any CPU.Build.0 = Release|Any CPU
		{6AA6A7FD-B50D-4769-B205-D642FAE0A363}.Debug|Any CPU.ActiveCfg = Debug|Any CPU
		{6AA6A7FD-B50D-4769-B205-D642FAE0A363}.Debug|Any CPU.Build.0 = Debug|Any CPU
		{6AA6A7FD-B50D-4769-B205-D642FAE0A363}.Release|Any CPU.ActiveCfg = Release|Any CPU
		{6AA6A7FD-B50D-4769-B205-D642FAE0A363}.Release|Any CPU.Build.0 = Release|Any CPU
		{AA5A6F7D-82B1-49DB-BE94-E6CAE6945DF8}.Debug|Any CPU.ActiveCfg = Debug|Any CPU
		{AA5A6F7D-82B1-49DB-BE94-E6CAE6945DF8}.Debug|Any CPU.Build.0 = Debug|Any CPU
		{AA5A6F7D-82B1-49DB-BE94-E6CAE6945DF8}.Release|Any CPU.ActiveCfg = Release|Any CPU
		{AA5A6F7D-82B1-49DB-BE94-E6CAE6945DF8}.Release|Any CPU.Build.0 = Release|Any CPU
		{87F137EE-4005-455A-913C-88FC112578D4}.Debug|Any CPU.ActiveCfg = Debug|Any CPU
		{87F137EE-4005-455A-913C-88FC112578D4}.Debug|Any CPU.Build.0 = Debug|Any CPU
		{87F137EE-4005-455A-913C-88FC112578D4}.Release|Any CPU.ActiveCfg = Release|Any CPU
		{87F137EE-4005-455A-913C-88FC112578D4}.Release|Any CPU.Build.0 = Release|Any CPU
	EndGlobalSection
	GlobalSection(SolutionProperties) = preSolution
		HideSolutionNode = FALSE
	EndGlobalSection
	GlobalSection(ExtensibilityGlobals) = postSolution
		SolutionGuid = {BC8D9345-DE8D-4124-83BC-0696BA3AF5EA}
	EndGlobalSection
EndGlobal
